
Microsoft Visual Studio Solution File, Format Version 11.00
# Visual Studio 2010
Project("{FAE04EC0-301F-11D3-BF4B-00C04F79EFBC}") = "ConferenceSessionBrowser.Web", "ConferenceSessionBrowser.Web\ConferenceSessionBrowser.Web.csproj", "{36230D46-C650-42D1-A707-7CCEABAFE20C}"
EndProject
Global
	GlobalSection(SolutionConfigurationPlatforms) = preSolution
		Debug|Any CPU = Debug|Any CPU
		Release|Any CPU = Release|Any CPU
	EndGlobalSection
	GlobalSection(ProjectConfigurationPlatforms) = postSolution
		{36230D46-C650-42D1-A707-7CCEABAFE20C}.Debug|Any CPU.ActiveCfg = Debug|Any CPU
		{36230D46-C650-42D1-A707-7CCEABAFE20C}.Debug|Any CPU.Build.0 = Debug|Any CPU
		{36230D46-C650-42D1-A707-7CCEABAFE20C}.Release|Any CPU.ActiveCfg = Release|Any CPU
		{36230D46-C650-42D1-A707-7CCEABAFE20C}.Release|Any CPU.Build.0 = Release|Any CPU
	EndGlobalSection
	GlobalSection(SolutionProperties) = preSolution
		HideSolutionNode = FALSE
	EndGlobalSection
EndGlobal
