
Microsoft Visual Studio Solution File, Format Version 12.00
# Visual Studio 11
Project("{00000000-0000-0000-0000-000000000000}") = "ConferenceSessionBrowser.Web", "ConferenceSessionBrowser.Web\ConferenceSessionBrowser.Web.csproj", "{36230D46-C650-42D1-A707-7CCEABAFE20C}"
EndProject
Global
	GlobalSection(SolutionConfigurationPlatforms) = preSolution
		Debug|Any CPU = Debug|Any CPU
		Release|Any CPU = Release|Any CPU
	EndGlobalSection
	GlobalSection(ProjectConfigurationPlatforms) = postSolution
		{36230D46-C650-42D1-A707-7CCEABAFE20C}.Debug|Any CPU.ActiveCfg = Debug|Any CPU
		{36230D46-C650-42D1-A707-7CCEABAFE20C}.Debug|Any CPU.Build.0 = Debug|Any CPU
		{36230D46-C650-42D1-A707-7CCEABAFE20C}.Release|Any CPU.ActiveCfg = Release|Any CPU
		{36230D46-C650-42D1-A707-7CCEABAFE20C}.Release|Any CPU.Build.0 = Release|Any CPU
	EndGlobalSection
	GlobalSection(SolutionProperties) = preSolution
		HideSolutionNode = FALSE
	EndGlobalSection
EndGlobal
